PODS:
  - SDWebImage (5.5.2):
    - SDWebImage/Core (= 5.5.2)
  - SDWebImage/Core (5.5.2)
  - SwiftyJSON (5.0.0)

DEPENDENCIES:
  - SDWebImage
  - SwiftyJSON

SPEC REPOS:
  trunk:
    - SDWebImage
    - SwiftyJSON

SPEC CHECKSUMS:
  SDWebImage: 4d5c027c935438f341ed33dbac53ff9f479922ca
  SwiftyJSON: 36413e04c44ee145039d332b4f4e2d3e8d6c4db7

PODFILE CHECKSUM: bc76c4ab8f9336e33e47f53e6da4d1d1c87d3d52

COCOAPODS: 1.8.4
