// !$*UTF8*$!
{
	archiveVersion = 1;
	classes = {
	};
	objectVersion = 51;
	objects = {

/* Begin PBXBuildFile section */
		ABFB8E8F2F36289B66A8DBFE /* Pods_HarminderMobileDevTestTests.framework in Frameworks */ = {isa = PBXBuildFile; fileRef = 43E009710DFF912AE8449497 /* Pods_HarminderMobileDevTestTests.framework */; };
		C742F82FB86E626AB7D353A0 /* Pods_HarminderMobileDevTest.framework in Frameworks */ = {isa = PBXBuildFile; fileRef = 97556940B31AD3BBD91DC626 /* Pods_HarminderMobileDevTest.framework */; };
		D13B805123E151E400819EE1 /* AppDelegate.swift in Sources */ = {isa = PBXBuildFile; fileRef = D13B805023E151E400819EE1 /* AppDelegate.swift */; };
		D13B805323E151E400819EE1 /* SceneDelegate.swift in Sources */ = {isa = PBXBuildFile; fileRef = D13B805223E151E400819EE1 /* SceneDelegate.swift */; };
		D13B805523E151E400819EE1 /* ViewController.swift in Sources */ = {isa = PBXBuildFile; fileRef = D13B805423E151E400819EE1 /* ViewController.swift */; };
		D13B805823E151E400819EE1 /* Main.storyboard in Resources */ = {isa = PBXBuildFile; fileRef = D13B805623E151E400819EE1 /* Main.storyboard */; };
		D13B805B23E151E400819EE1 /* HarminderMobileDevTest.xcdatamodeld in Sources */ = {isa = PBXBuildFile; fileRef = D13B805923E151E400819EE1 /* HarminderMobileDevTest.xcdatamodeld */; };
		D13B805D23E151E600819EE1 /* Assets.xcassets in Resources */ = {isa = PBXBuildFile; fileRef = D13B805C23E151E600819EE1 /* Assets.xcassets */; };
		D13B806023E151E600819EE1 /* LaunchScreen.storyboard in Resources */ = {isa = PBXBuildFile; fileRef = D13B805E23E151E600819EE1 /* LaunchScreen.storyboard */; };
		D13B806B23E151E700819EE1 /* HarminderMobileDevTestTests.swift in Sources */ = {isa = PBXBuildFile; fileRef = D13B806A23E151E700819EE1 /* HarminderMobileDevTestTests.swift */; };
		D13B807623E151E700819EE1 /* HarminderMobileDevTestUITests.swift in Sources */ = {isa = PBXBuildFile; fileRef = D13B807523E151E700819EE1 /* HarminderMobileDevTestUITests.swift */; };
		D13B808523E15EEC00819EE1 /* ComapanyTableViewCell.swift in Sources */ = {isa = PBXBuildFile; fileRef = D13B808323E15EEC00819EE1 /* ComapanyTableViewCell.swift */; };
		D13B808623E15EEC00819EE1 /* ComapanyTableViewCell.xib in Resources */ = {isa = PBXBuildFile; fileRef = D13B808423E15EEC00819EE1 /* ComapanyTableViewCell.xib */; };
		D13B808823E1612B00819EE1 /* MemberViewController.swift in Sources */ = {isa = PBXBuildFile; fileRef = D13B808723E1612B00819EE1 /* MemberViewController.swift */; };
		D1E1B29E23E1C02E00589D31 /* MemberTableViewCell.swift in Sources */ = {isa = PBXBuildFile; fileRef = D1E1B29C23E1C02E00589D31 /* MemberTableViewCell.swift */; };
		D1E1B29F23E1C02E00589D31 /* MemberTableViewCell.xib in Resources */ = {isa = PBXBuildFile; fileRef = D1E1B29D23E1C02E00589D31 /* MemberTableViewCell.xib */; };
		D1F041AF23E1FE78007F41A6 /* document.json in Resources */ = {isa = PBXBuildFile; fileRef = D1F041AE23E1FE78007F41A6 /* document.json */; };
		E1FE5175DB8B865ADF21E365 /* Pods_HarminderMobileDevTest_HarminderMobileDevTestUITests.framework in Frameworks */ = {isa = PBXBuildFile; fileRef = 610F2753EA27A8E7D5C957F2 /* Pods_HarminderMobileDevTest_HarminderMobileDevTestUITests.framework */; };
/* End PBXBuildFile section */

/* Begin PBXContainerItemProxy section */
		D13B806723E151E700819EE1 /* PBXContainerItemProxy */ = {
			isa = PBXContainerItemProxy;
			containerPortal = D13B804523E151E400819EE1 /* Project object */;
			proxyType = 1;
			remoteGlobalIDString = D13B804C23E151E400819EE1;
			remoteInfo = HarminderMobileDevTest;
		};
		D13B807223E151E700819EE1 /* PBXContainerItemProxy */ = {
			isa = PBXContainerItemProxy;
			containerPortal = D13B804523E151E400819EE1 /* Project object */;
			proxyType = 1;
			remoteGlobalIDString = D13B804C23E151E400819EE1;
			remoteInfo = HarminderMobileDevTest;
		};
/* End PBXContainerItemProxy section */

/* Begin PBXFileReference section */
		06F5B5B9D62485A072C74B8B /* Pods-HarminderMobileDevTest.release.xcconfig */ = {isa = PBXFileReference; includeInIndex = 1; lastKnownFileType = text.xcconfig; name = "Pods-HarminderMobileDevTest.release.xcconfig"; path = "Target Support Files/Pods-HarminderMobileDevTest/Pods-HarminderMobileDevTest.release.xcconfig"; sourceTree = "<group>"; };
		109EAD471A0F8D45BF187CF8 /* Pods-HarminderMobileDevTest.debug.xcconfig */ = {isa = PBXFileReference; includeInIndex = 1; lastKnownFileType = text.xcconfig; name = "Pods-HarminderMobileDevTest.debug.xcconfig"; path = "Target Support Files/Pods-HarminderMobileDevTest/Pods-HarminderMobileDevTest.debug.xcconfig"; sourceTree = "<group>"; };
		1AA3ECF07A116B9295B4E249 /* Pods-HarminderMobileDevTestTests.debug.xcconfig */ = {isa = PBXFileReference; includeInIndex = 1; lastKnownFileType = text.xcconfig; name = "Pods-HarminderMobileDevTestTests.debug.xcconfig"; path = "Target Support Files/Pods-HarminderMobileDevTestTests/Pods-HarminderMobileDevTestTests.debug.xcconfig"; sourceTree = "<group>"; };
		43E009710DFF912AE8449497 /* Pods_HarminderMobileDevTestTests.framework */ = {isa = PBXFileReference; explicitFileType = wrapper.framework; includeInIndex = 0; path = Pods_HarminderMobileDevTestTests.framework; sourceTree = BUILT_PRODUCTS_DIR; };
		610F2753EA27A8E7D5C957F2 /* Pods_HarminderMobileDevTest_HarminderMobileDevTestUITests.framework */ = {isa = PBXFileReference; explicitFileType = wrapper.framework; includeInIndex = 0; path = Pods_HarminderMobileDevTest_HarminderMobileDevTestUITests.framework; sourceTree = BUILT_PRODUCTS_DIR; };
		70CA7F1A35746E02D3B87712 /* Pods-HarminderMobileDevTestTests.release.xcconfig */ = {isa = PBXFileReference; includeInIndex = 1; lastKnownFileType = text.xcconfig; name = "Pods-HarminderMobileDevTestTests.release.xcconfig"; path = "Target Support Files/Pods-HarminderMobileDevTestTests/Pods-HarminderMobileDevTestTests.release.xcconfig"; sourceTree = "<group>"; };
		7F1563B9A51C474546176788 /* Pods-HarminderMobileDevTest-HarminderMobileDevTestUITests.release.xcconfig */ = {isa = PBXFileReference; includeInIndex = 1; lastKnownFileType = text.xcconfig; name = "Pods-HarminderMobileDevTest-HarminderMobileDevTestUITests.release.xcconfig"; path = "Target Support Files/Pods-HarminderMobileDevTest-HarminderMobileDevTestUITests/Pods-HarminderMobileDevTest-HarminderMobileDevTestUITests.release.xcconfig"; sourceTree = "<group>"; };
		97556940B31AD3BBD91DC626 /* Pods_HarminderMobileDevTest.framework */ = {isa = PBXFileReference; explicitFileType = wrapper.framework; includeInIndex = 0; path = Pods_HarminderMobileDevTest.framework; sourceTree = BUILT_PRODUCTS_DIR; };
		D13B804D23E151E400819EE1 /* HarminderMobileDevTest.app */ = {isa = PBXFileReference; explicitFileType = wrapper.application; includeInIndex = 0; path = HarminderMobileDevTest.app; sourceTree = BUILT_PRODUCTS_DIR; };
		D13B805023E151E400819EE1 /* AppDelegate.swift */ = {isa = PBXFileReference; lastKnownFileType = sourcecode.swift; path = AppDelegate.swift; sourceTree = "<group>"; };
		D13B805223E151E400819EE1 /* SceneDelegate.swift */ = {isa = PBXFileReference; lastKnownFileType = sourcecode.swift; path = SceneDelegate.swift; sourceTree = "<group>"; };
		D13B805423E151E400819EE1 /* ViewController.swift */ = {isa = PBXFileReference; lastKnownFileType = sourcecode.swift; path = ViewController.swift; sourceTree = "<group>"; };
		D13B805723E151E400819EE1 /* Base */ = {isa = PBXFileReference; lastKnownFileType = file.storyboard; name = Base; path = Base.lproj/Main.storyboard; sourceTree = "<group>"; };
		D13B805A23E151E400819EE1 /* HarminderMobileDevTest.xcdatamodel */ = {isa = PBXFileReference; lastKnownFileType = wrapper.xcdatamodel; path = HarminderMobileDevTest.xcdatamodel; sourceTree = "<group>"; };
		D13B805C23E151E600819EE1 /* Assets.xcassets */ = {isa = PBXFileReference; lastKnownFileType = folder.assetcatalog; path = Assets.xcassets; sourceTree = "<group>"; };
		D13B805F23E151E600819EE1 /* Base */ = {isa = PBXFileReference; lastKnownFileType = file.storyboard; name = Base; path = Base.lproj/LaunchScreen.storyboard; sourceTree = "<group>"; };
		D13B806123E151E600819EE1 /* Info.plist */ = {isa = PBXFileReference; lastKnownFileType = text.plist.xml; path = Info.plist; sourceTree = "<group>"; };
		D13B806623E151E700819EE1 /* HarminderMobileDevTestTests.xctest */ = {isa = PBXFileReference; explicitFileType = wrapper.cfbundle; includeInIndex = 0; path = HarminderMobileDevTestTests.xctest; sourceTree = BUILT_PRODUCTS_DIR; };
		D13B806A23E151E700819EE1 /* HarminderMobileDevTestTests.swift */ = {isa = PBXFileReference; lastKnownFileType = sourcecode.swift; path = HarminderMobileDevTestTests.swift; sourceTree = "<group>"; };
		D13B806C23E151E700819EE1 /* Info.plist */ = {isa = PBXFileReference; lastKnownFileType = text.plist.xml; path = Info.plist; sourceTree = "<group>"; };
		D13B807123E151E700819EE1 /* HarminderMobileDevTestUITests.xctest */ = {isa = PBXFileReference; explicitFileType = wrapper.cfbundle; includeInIndex = 0; path = HarminderMobileDevTestUITests.xctest; sourceTree = BUILT_PRODUCTS_DIR; };
		D13B807523E151E700819EE1 /* HarminderMobileDevTestUITests.swift */ = {isa = PBXFileReference; lastKnownFileType = sourcecode.swift; path = HarminderMobileDevTestUITests.swift; sourceTree = "<group>"; };
		D13B807723E151E700819EE1 /* Info.plist */ = {isa = PBXFileReference; lastKnownFileType = text.plist.xml; path = Info.plist; sourceTree = "<group>"; };
		D13B808323E15EEC00819EE1 /* ComapanyTableViewCell.swift */ = {isa = PBXFileReference; lastKnownFileType = sourcecode.swift; path = ComapanyTableViewCell.swift; sourceTree = "<group>"; };
		D13B808423E15EEC00819EE1 /* ComapanyTableViewCell.xib */ = {isa = PBXFileReference; lastKnownFileType = file.xib; path = ComapanyTableViewCell.xib; sourceTree = "<group>"; };
		D13B808723E1612B00819EE1 /* MemberViewController.swift */ = {isa = PBXFileReference; lastKnownFileType = sourcecode.swift; path = MemberViewController.swift; sourceTree = "<group>"; };
		D1E1B29C23E1C02E00589D31 /* MemberTableViewCell.swift */ = {isa = PBXFileReference; lastKnownFileType = sourcecode.swift; path = MemberTableViewCell.swift; sourceTree = "<group>"; };
		D1E1B29D23E1C02E00589D31 /* MemberTableViewCell.xib */ = {isa = PBXFileReference; lastKnownFileType = file.xib; path = MemberTableViewCell.xib; sourceTree = "<group>"; };
		D1F041AE23E1FE78007F41A6 /* document.json */ = {isa = PBXFileReference; fileEncoding = 4; lastKnownFileType = text.json; path = document.json; sourceTree = "<group>"; };
		E68810AE5A2ACF187BFFDE3C /* Pods-HarminderMobileDevTest-HarminderMobileDevTestUITests.debug.xcconfig */ = {isa = PBXFileReference; includeInIndex = 1; lastKnownFileType = text.xcconfig; name = "Pods-HarminderMobileDevTest-HarminderMobileDevTestUITests.debug.xcconfig"; path = "Target Support Files/Pods-HarminderMobileDevTest-HarminderMobileDevTestUITests/Pods-HarminderMobileDevTest-HarminderMobileDevTestUITests.debug.xcconfig"; sourceTree = "<group>"; };
/* End PBXFileReference section */

/* Begin PBXFrameworksBuildPhase section */
		D13B804A23E151E400819EE1 /* Frameworks */ = {
			isa = PBXFrameworksBuildPhase;
			buildActionMask = 2147483647;
			files = (
				C742F82FB86E626AB7D353A0 /* Pods_HarminderMobileDevTest.framework in Frameworks */,
			);
			runOnlyForDeploymentPostprocessing = 0;
		};
		D13B806323E151E700819EE1 /* Frameworks */ = {
			isa = PBXFrameworksBuildPhase;
			buildActionMask = 2147483647;
			files = (
				ABFB8E8F2F36289B66A8DBFE /* Pods_HarminderMobileDevTestTests.framework in Frameworks */,
			);
			runOnlyForDeploymentPostprocessing = 0;
		};
		D13B806E23E151E700819EE1 /* Frameworks */ = {
			isa = PBXFrameworksBuildPhase;
			buildActionMask = 2147483647;
			files = (
				E1FE5175DB8B865ADF21E365 /* Pods_HarminderMobileDevTest_HarminderMobileDevTestUITests.framework in Frameworks */,
			);
			runOnlyForDeploymentPostprocessing = 0;
		};
/* End PBXFrameworksBuildPhase section */

/* Begin PBXGroup section */
		33EE9BF460A21CA5B2476B1F /* Pods */ = {
			isa = PBXGroup;
			children = (
				109EAD471A0F8D45BF187CF8 /* Pods-HarminderMobileDevTest.debug.xcconfig */,
				06F5B5B9D62485A072C74B8B /* Pods-HarminderMobileDevTest.release.xcconfig */,
				E68810AE5A2ACF187BFFDE3C /* Pods-HarminderMobileDevTest-HarminderMobileDevTestUITests.debug.xcconfig */,
				7F1563B9A51C474546176788 /* Pods-HarminderMobileDevTest-HarminderMobileDevTestUITests.release.xcconfig */,
				1AA3ECF07A116B9295B4E249 /* Pods-HarminderMobileDevTestTests.debug.xcconfig */,
				70CA7F1A35746E02D3B87712 /* Pods-HarminderMobileDevTestTests.release.xcconfig */,
			);
			path = Pods;
			sourceTree = "<group>";
		};
		D13B804423E151E400819EE1 = {
			isa = PBXGroup;
			children = (
				D13B804F23E151E400819EE1 /* HarminderMobileDevTest */,
				D13B806923E151E700819EE1 /* HarminderMobileDevTestTests */,
				D13B807423E151E700819EE1 /* HarminderMobileDevTestUITests */,
				D13B804E23E151E400819EE1 /* Products */,
				33EE9BF460A21CA5B2476B1F /* Pods */,
				FE47861EF00676B8C583A7A4 /* Frameworks */,
			);
			sourceTree = "<group>";
		};
		D13B804E23E151E400819EE1 /* Products */ = {
			isa = PBXGroup;
			children = (
				D13B804D23E151E400819EE1 /* HarminderMobileDevTest.app */,
				D13B806623E151E700819EE1 /* HarminderMobileDevTestTests.xctest */,
				D13B807123E151E700819EE1 /* HarminderMobileDevTestUITests.xctest */,
			);
			name = Products;
			sourceTree = "<group>";
		};
		D13B804F23E151E400819EE1 /* HarminderMobileDevTest */ = {
			isa = PBXGroup;
			children = (
				D1F041AE23E1FE78007F41A6 /* document.json */,
				D13B805023E151E400819EE1 /* AppDelegate.swift */,
				D13B805223E151E400819EE1 /* SceneDelegate.swift */,
				D13B805423E151E400819EE1 /* ViewController.swift */,
				D13B808723E1612B00819EE1 /* MemberViewController.swift */,
				D13B808323E15EEC00819EE1 /* ComapanyTableViewCell.swift */,
				D13B808423E15EEC00819EE1 /* ComapanyTableViewCell.xib */,
				D1E1B29C23E1C02E00589D31 /* MemberTableViewCell.swift */,
				D1E1B29D23E1C02E00589D31 /* MemberTableViewCell.xib */,
				D13B805623E151E400819EE1 /* Main.storyboard */,
				D13B805C23E151E600819EE1 /* Assets.xcassets */,
				D13B805E23E151E600819EE1 /* LaunchScreen.storyboard */,
				D13B806123E151E600819EE1 /* Info.plist */,
				D13B805923E151E400819EE1 /* HarminderMobileDevTest.xcdatamodeld */,
			);
			path = HarminderMobileDevTest;
			sourceTree = "<group>";
		};
		D13B806923E151E700819EE1 /* HarminderMobileDevTestTests */ = {
			isa = PBXGroup;
			children = (
				D13B806A23E151E700819EE1 /* HarminderMobileDevTestTests.swift */,
				D13B806C23E151E700819EE1 /* Info.plist */,
			);
			path = HarminderMobileDevTestTests;
			sourceTree = "<group>";
		};
		D13B807423E151E700819EE1 /* HarminderMobileDevTestUITests */ = {
			isa = PBXGroup;
			children = (
				D13B807523E151E700819EE1 /* HarminderMobileDevTestUITests.swift */,
				D13B807723E151E700819EE1 /* Info.plist */,
			);
			path = HarminderMobileDevTestUITests;
			sourceTree = "<group>";
		};
		FE47861EF00676B8C583A7A4 /* Frameworks */ = {
			isa = PBXGroup;
			children = (
				97556940B31AD3BBD91DC626 /* Pods_HarminderMobileDevTest.framework */,
				610F2753EA27A8E7D5C957F2 /* Pods_HarminderMobileDevTest_HarminderMobileDevTestUITests.framework */,
				43E009710DFF912AE8449497 /* Pods_HarminderMobileDevTestTests.framework */,
			);
			name = Frameworks;
			sourceTree = "<group>";
		};
/* End PBXGroup section */

/* Begin PBXNativeTarget section */
		D13B804C23E151E400819EE1 /* HarminderMobileDevTest */ = {
			isa = PBXNativeTarget;
			buildConfigurationList = D13B807A23E151E700819EE1 /* Build configuration list for PBXNativeTarget "HarminderMobileDevTest" */;
			buildPhases = (
				EBDB0F35AF8E4C4227ABD439 /* [CP] Check Pods Manifest.lock */,
				D13B804923E151E400819EE1 /* Sources */,
				D13B804A23E151E400819EE1 /* Frameworks */,
				D13B804B23E151E400819EE1 /* Resources */,
				903729113F965550251662A9 /* [CP] Embed Pods Frameworks */,
			);
			buildRules = (
			);
			dependencies = (
			);
			name = HarminderMobileDevTest;
			productName = HarminderMobileDevTest;
			productReference = D13B804D23E151E400819EE1 /* HarminderMobileDevTest.app */;
			productType = "com.apple.product-type.application";
		};
		D13B806523E151E700819EE1 /* HarminderMobileDevTestTests */ = {
			isa = PBXNativeTarget;
			buildConfigurationList = D13B807D23E151E700819EE1 /* Build configuration list for PBXNativeTarget "HarminderMobileDevTestTests" */;
			buildPhases = (
				853C1807ECC6A589DE130DE1 /* [CP] Check Pods Manifest.lock */,
				D13B806223E151E700819EE1 /* Sources */,
				D13B806323E151E700819EE1 /* Frameworks */,
				D13B806423E151E700819EE1 /* Resources */,
			);
			buildRules = (
			);
			dependencies = (
				D13B806823E151E700819EE1 /* PBXTargetDependency */,
			);
			name = HarminderMobileDevTestTests;
			productName = HarminderMobileDevTestTests;
			productReference = D13B806623E151E700819EE1 /* HarminderMobileDevTestTests.xctest */;
			productType = "com.apple.product-type.bundle.unit-test";
		};
		D13B807023E151E700819EE1 /* HarminderMobileDevTestUITests */ = {
			isa = PBXNativeTarget;
			buildConfigurationList = D13B808023E151E700819EE1 /* Build configuration list for PBXNativeTarget "HarminderMobileDevTestUITests" */;
			buildPhases = (
				8D7DEFC74DEFBDCFEAD29CCD /* [CP] Check Pods Manifest.lock */,
				D13B806D23E151E700819EE1 /* Sources */,
				D13B806E23E151E700819EE1 /* Frameworks */,
				D13B806F23E151E700819EE1 /* Resources */,
				67DC60B754AD89833C2481A2 /* [CP] Embed Pods Frameworks */,
			);
			buildRules = (
			);
			dependencies = (
				D13B807323E151E700819EE1 /* PBXTargetDependency */,
			);
			name = HarminderMobileDevTestUITests;
			productName = HarminderMobileDevTestUITests;
			productReference = D13B807123E151E700819EE1 /* HarminderMobileDevTestUITests.xctest */;
			productType = "com.apple.product-type.bundle.ui-testing";
		};
/* End PBXNativeTarget section */

/* Begin PBXProject section */
		D13B804523E151E400819EE1 /* Project object */ = {
			isa = PBXProject;
			attributes = {
				LastSwiftUpdateCheck = 1120;
				LastUpgradeCheck = 1120;
				ORGANIZATIONNAME = "Singh, Harminder";
				TargetAttributes = {
					D13B804C23E151E400819EE1 = {
						CreatedOnToolsVersion = 11.2;
					};
					D13B806523E151E700819EE1 = {
						CreatedOnToolsVersion = 11.2;
						TestTargetID = D13B804C23E151E400819EE1;
					};
					D13B807023E151E700819EE1 = {
						CreatedOnToolsVersion = 11.2;
						TestTargetID = D13B804C23E151E400819EE1;
					};
				};
			};
			buildConfigurationList = D13B804823E151E400819EE1 /* Build configuration list for PBXProject "HarminderMobileDevTest" */;
			compatibilityVersion = "Xcode 9.3";
			developmentRegion = en;
			hasScannedForEncodings = 0;
			knownRegions = (
				en,
				Base,
			);
			mainGroup = D13B804423E151E400819EE1;
			productRefGroup = D13B804E23E151E400819EE1 /* Products */;
			projectDirPath = "";
			projectRoot = "";
			targets = (
				D13B804C23E151E400819EE1 /* HarminderMobileDevTest */,
				D13B806523E151E700819EE1 /* HarminderMobileDevTestTests */,
				D13B807023E151E700819EE1 /* HarminderMobileDevTestUITests */,
			);
		};
/* End PBXProject section */

/* Begin PBXResourcesBuildPhase section */
		D13B804B23E151E400819EE1 /* Resources */ = {
			isa = PBXResourcesBuildPhase;
			buildActionMask = 2147483647;
			files = (
				D13B806023E151E600819EE1 /* LaunchScreen.storyboard in Resources */,
				D1E1B29F23E1C02E00589D31 /* MemberTableViewCell.xib in Resources */,
				D1F041AF23E1FE78007F41A6 /* document.json in Resources */,
				D13B808623E15EEC00819EE1 /* ComapanyTableViewCell.xib in Resources */,
				D13B805D23E151E600819EE1 /* Assets.xcassets in Resources */,
				D13B805823E151E400819EE1 /* Main.storyboard in Resources */,
			);
			runOnlyForDeploymentPostprocessing = 0;
		};
		D13B806423E151E700819EE1 /* Resources */ = {
			isa = PBXResourcesBuildPhase;
			buildActionMask = 2147483647;
			files = (
			);
			runOnlyForDeploymentPostprocessing = 0;
		};
		D13B806F23E151E700819EE1 /* Resources */ = {
			isa = PBXResourcesBuildPhase;
			buildActionMask = 2147483647;
			files = (
			);
			runOnlyForDeploymentPostprocessing = 0;
		};
/* End PBXResourcesBuildPhase section */

/* Begin PBXShellScriptBuildPhase section */
		67DC60B754AD89833C2481A2 /* [CP] Embed Pods Frameworks */ = {
			isa = PBXShellScriptBuildPhase;
			buildActionMask = 2147483647;
			files = (
			);
			inputFileListPaths = (
				"${PODS_ROOT}/Target Support Files/Pods-HarminderMobileDevTest-HarminderMobileDevTestUITests/Pods-HarminderMobileDevTest-HarminderMobileDevTestUITests-frameworks-${CONFIGURATION}-input-files.xcfilelist",
			);
			name = "[CP] Embed Pods Frameworks";
			outputFileListPaths = (
				"${PODS_ROOT}/Target Support Files/Pods-HarminderMobileDevTest-HarminderMobileDevTestUITests/Pods-HarminderMobileDevTest-HarminderMobileDevTestUITests-frameworks-${CONFIGURATION}-output-files.xcfilelist",
			);
			runOnlyForDeploymentPostprocessing = 0;
			shellPath = /bin/sh;
			shellScript = "\"${PODS_ROOT}/Target Support Files/Pods-HarminderMobileDevTest-HarminderMobileDevTestUITests/Pods-HarminderMobileDevTest-HarminderMobileDevTestUITests-frameworks.sh\"\n";
			showEnvVarsInLog = 0;
		};
		853C1807ECC6A589DE130DE1 /* [CP] Check Pods Manifest.lock */ = {
			isa = PBXShellScriptBuildPhase;
			buildActionMask = 2147483647;
			files = (
			);
			inputFileListPaths = (
			);
			inputPaths = (
				"${PODS_PODFILE_DIR_PATH}/Podfile.lock",
				"${PODS_ROOT}/Manifest.lock",
			);
			name = "[CP] Check Pods Manifest.lock";
			outputFileListPaths = (
			);
			outputPaths = (
				"$(DERIVED_FILE_DIR)/Pods-HarminderMobileDevTestTests-checkManifestLockResult.txt",
			);
			runOnlyForDeploymentPostprocessing = 0;
			shellPath = /bin/sh;
			shellScript = "diff \"${PODS_PODFILE_DIR_PATH}/Podfile.lock\" \"${PODS_ROOT}/Manifest.lock\" > /dev/null\nif [ $? != 0 ] ; then\n    # print error to STDERR\n    echo \"error: The sandbox is not in sync with the Podfile.lock. Run 'pod install' or update your CocoaPods installation.\" >&2\n    exit 1\nfi\n# This output is used by Xcode 'outputs' to avoid re-running this script phase.\necho \"SUCCESS\" > \"${SCRIPT_OUTPUT_FILE_0}\"\n";
			showEnvVarsInLog = 0;
		};
		8D7DEFC74DEFBDCFEAD29CCD /* [CP] Check Pods Manifest.lock */ = {
			isa = PBXShellScriptBuildPhase;
			buildActionMask = 2147483647;
			files = (
			);
			inputFileListPaths = (
			);
			inputPaths = (
				"${PODS_PODFILE_DIR_PATH}/Podfile.lock",
				"${PODS_ROOT}/Manifest.lock",
			);
			name = "[CP] Check Pods Manifest.lock";
			outputFileListPaths = (
			);
			outputPaths = (
				"$(DERIVED_FILE_DIR)/Pods-HarminderMobileDevTest-HarminderMobileDevTestUITests-checkManifestLockResult.txt",
			);
			runOnlyForDeploymentPostprocessing = 0;
			shellPath = /bin/sh;
			shellScript = "diff \"${PODS_PODFILE_DIR_PATH}/Podfile.lock\" \"${PODS_ROOT}/Manifest.lock\" > /dev/null\nif [ $? != 0 ] ; then\n    # print error to STDERR\n    echo \"error: The sandbox is not in sync with the Podfile.lock. Run 'pod install' or update your CocoaPods installation.\" >&2\n    exit 1\nfi\n# This output is used by Xcode 'outputs' to avoid re-running this script phase.\necho \"SUCCESS\" > \"${SCRIPT_OUTPUT_FILE_0}\"\n";
			showEnvVarsInLog = 0;
		};
		903729113F965550251662A9 /* [CP] Embed Pods Frameworks */ = {
			isa = PBXShellScriptBuildPhase;
			buildActionMask = 2147483647;
			files = (
			);
			inputFileListPaths = (
				"${PODS_ROOT}/Target Support Files/Pods-HarminderMobileDevTest/Pods-HarminderMobileDevTest-frameworks-${CONFIGURATION}-input-files.xcfilelist",
			);
			name = "[CP] Embed Pods Frameworks";
			outputFileListPaths = (
				"${PODS_ROOT}/Target Support Files/Pods-HarminderMobileDevTest/Pods-HarminderMobileDevTest-frameworks-${CONFIGURATION}-output-files.xcfilelist",
			);
			runOnlyForDeploymentPostprocessing = 0;
			shellPath = /bin/sh;
			shellScript = "\"${PODS_ROOT}/Target Support Files/Pods-HarminderMobileDevTest/Pods-HarminderMobileDevTest-frameworks.sh\"\n";
			showEnvVarsInLog = 0;
		};
		EBDB0F35AF8E4C4227ABD439 /* [CP] Check Pods Manifest.lock */ = {
			isa = PBXShellScriptBuildPhase;
			buildActionMask = 2147483647;
			files = (
			);
			inputFileListPaths = (
			);
			inputPaths = (
				"${PODS_PODFILE_DIR_PATH}/Podfile.lock",
				"${PODS_ROOT}/Manifest.lock",
			);
			name = "[CP] Check Pods Manifest.lock";
			outputFileListPaths = (
			);
			outputPaths = (
				"$(DERIVED_FILE_DIR)/Pods-HarminderMobileDevTest-checkManifestLockResult.txt",
			);
			runOnlyForDeploymentPostprocessing = 0;
			shellPath = /bin/sh;
			shellScript = "diff \"${PODS_PODFILE_DIR_PATH}/Podfile.lock\" \"${PODS_ROOT}/Manifest.lock\" > /dev/null\nif [ $? != 0 ] ; then\n    # print error to STDERR\n    echo \"error: The sandbox is not in sync with the Podfile.lock. Run 'pod install' or update your CocoaPods installation.\" >&2\n    exit 1\nfi\n# This output is used by Xcode 'outputs' to avoid re-running this script phase.\necho \"SUCCESS\" > \"${SCRIPT_OUTPUT_FILE_0}\"\n";
			showEnvVarsInLog = 0;
		};
/* End PBXShellScriptBuildPhase section */

/* Begin PBXSourcesBuildPhase section */
		D13B804923E151E400819EE1 /* Sources */ = {
			isa = PBXSourcesBuildPhase;
			buildActionMask = 2147483647;
			files = (
				D13B808823E1612B00819EE1 /* MemberViewController.swift in Sources */,
				D13B805B23E151E400819EE1 /* HarminderMobileDevTest.xcdatamodeld in Sources */,
				D13B808523E15EEC00819EE1 /* ComapanyTableViewCell.swift in Sources */,
				D1E1B29E23E1C02E00589D31 /* MemberTableViewCell.swift in Sources */,
				D13B805523E151E400819EE1 /* ViewController.swift in Sources */,
				D13B805123E151E400819EE1 /* AppDelegate.swift in Sources */,
				D13B805323E151E400819EE1 /* SceneDelegate.swift in Sources */,
			);
			runOnlyForDeploymentPostprocessing = 0;
		};
		D13B806223E151E700819EE1 /* Sources */ = {
			isa = PBXSourcesBuildPhase;
			buildActionMask = 2147483647;
			files = (
				D13B806B23E151E700819EE1 /* HarminderMobileDevTestTests.swift in Sources */,
			);
			runOnlyForDeploymentPostprocessing = 0;
		};
		D13B806D23E151E700819EE1 /* Sources */ = {
			isa = PBXSourcesBuildPhase;
			buildActionMask = 2147483647;
			files = (
				D13B807623E151E700819EE1 /* HarminderMobileDevTestUITests.swift in Sources */,
			);
			runOnlyForDeploymentPostprocessing = 0;
		};
/* End PBXSourcesBuildPhase section */

/* Begin PBXTargetDependency section */
		D13B806823E151E700819EE1 /* PBXTargetDependency */ = {
			isa = PBXTargetDependency;
			target = D13B804C23E151E400819EE1 /* HarminderMobileDevTest */;
			targetProxy = D13B806723E151E700819EE1 /* PBXContainerItemProxy */;
		};
		D13B807323E151E700819EE1 /* PBXTargetDependency */ = {
			isa = PBXTargetDependency;
			target = D13B804C23E151E400819EE1 /* HarminderMobileDevTest */;
			targetProxy = D13B807223E151E700819EE1 /* PBXContainerItemProxy */;
		};
/* End PBXTargetDependency section */

/* Begin PBXVariantGroup section */
		D13B805623E151E400819EE1 /* Main.storyboard */ = {
			isa = PBXVariantGroup;
			children = (
				D13B805723E151E400819EE1 /* Base */,
			);
			name = Main.storyboard;
			sourceTree = "<group>";
		};
		D13B805E23E151E600819EE1 /* LaunchScreen.storyboard */ = {
			isa = PBXVariantGroup;
			children = (
				D13B805F23E151E600819EE1 /* Base */,
			);
			name = LaunchScreen.storyboard;
			sourceTree = "<group>";
		};
/* End PBXVariantGroup section */

/* Begin XCBuildConfiguration section */
		D13B807823E151E700819EE1 /* Debug */ = {
			isa = XCBuildConfiguration;
			buildSettings = {
				ALWAYS_SEARCH_USER_PATHS = NO;
				CLANG_ANALYZER_NONNULL = YES;
				CLANG_ANALYZER_NUMBER_OBJECT_CONVERSION = YES_AGGRESSIVE;
				CLANG_CXX_LANGUAGE_STANDARD = "gnu++14";
				CLANG_CXX_LIBRARY = "libc++";
				CLANG_ENABLE_MODULES = YES;
				CLANG_ENABLE_OBJC_ARC = YES;
				CLANG_ENABLE_OBJC_WEAK = YES;
				CLANG_WARN_BLOCK_CAPTURE_AUTORELEASING = YES;
				CLANG_WARN_BOOL_CONVERSION = YES;
				CLANG_WARN_COMMA = YES;
				CLANG_WARN_CONSTANT_CONVERSION = YES;
				CLANG_WARN_DEPRECATED_OBJC_IMPLEMENTATIONS = YES;
				CLANG_WARN_DIRECT_OBJC_ISA_USAGE = YES_ERROR;
				CLANG_WARN_DOCUMENTATION_COMMENTS = YES;
				CLANG_WARN_EMPTY_BODY = YES;
				CLANG_WARN_ENUM_CONVERSION = YES;
				CLANG_WARN_INFINITE_RECURSION = YES;
				CLANG_WARN_INT_CONVERSION = YES;
				CLANG_WARN_NON_LITERAL_NULL_CONVERSION = YES;
				CLANG_WARN_OBJC_IMPLICIT_RETAIN_SELF = YES;
				CLANG_WARN_OBJC_LITERAL_CONVERSION = YES;
				CLANG_WARN_OBJC_ROOT_CLASS = YES_ERROR;
				CLANG_WARN_RANGE_LOOP_ANALYSIS = YES;
				CLANG_WARN_STRICT_PROTOTYPES = YES;
				CLANG_WARN_SUSPICIOUS_MOVE = YES;
				CLANG_WARN_UNGUARDED_AVAILABILITY = YES_AGGRESSIVE;
				CLANG_WARN_UNREACHABLE_CODE = YES;
				CLANG_WARN__DUPLICATE_METHOD_MATCH = YES;
				COPY_PHASE_STRIP = NO;
				DEBUG_INFORMATION_FORMAT = dwarf;
				ENABLE_STRICT_OBJC_MSGSEND = YES;
				ENABLE_TESTABILITY = YES;
				GCC_C_LANGUAGE_STANDARD = gnu11;
				GCC_DYNAMIC_NO_PIC = NO;
				GCC_NO_COMMON_BLOCKS = YES;
				GCC_OPTIMIZATION_LEVEL = 0;
				GCC_PREPROCESSOR_DEFINITIONS = (
					"DEBUG=1",
					"$(inherited)",
				);
				GCC_WARN_64_TO_32_BIT_CONVERSION = YES;
				GCC_WARN_ABOUT_RETURN_TYPE = YES_ERROR;
				GCC_WARN_UNDECLARED_SELECTOR = YES;
				GCC_WARN_UNINITIALIZED_AUTOS = YES_AGGRESSIVE;
				GCC_WARN_UNUSED_FUNCTION = YES;
				GCC_WARN_UNUSED_VARIABLE = YES;
				IPHONEOS_DEPLOYMENT_TARGET = 13.2;
				MTL_ENABLE_DEBUG_INFO = INCLUDE_SOURCE;
				MTL_FAST_MATH = YES;
				ONLY_ACTIVE_ARCH = YES;
				SDKROOT = iphoneos;
				SWIFT_ACTIVE_COMPILATION_CONDITIONS = DEBUG;
				SWIFT_OPTIMIZATION_LEVEL = "-Onone";
			};
			name = Debug;
		};
		D13B807923E151E700819EE1 /* Release */ = {
			isa = XCBuildConfiguration;
			buildSettings = {
				ALWAYS_SEARCH_USER_PATHS = NO;
				CLANG_ANALYZER_NONNULL = YES;
				CLANG_ANALYZER_NUMBER_OBJECT_CONVERSION = YES_AGGRESSIVE;
				CLANG_CXX_LANGUAGE_STANDARD = "gnu++14";
				CLANG_CXX_LIBRARY = "libc++";
				CLANG_ENABLE_MODULES = YES;
				CLANG_ENABLE_OBJC_ARC = YES;
				CLANG_ENABLE_OBJC_WEAK = YES;
				CLANG_WARN_BLOCK_CAPTURE_AUTORELEASING = YES;
				CLANG_WARN_BOOL_CONVERSION = YES;
				CLANG_WARN_COMMA = YES;
				CLANG_WARN_CONSTANT_CONVERSION = YES;
				CLANG_WARN_DEPRECATED_OBJC_IMPLEMENTATIONS = YES;
				CLANG_WARN_DIRECT_OBJC_ISA_USAGE = YES_ERROR;
				CLANG_WARN_DOCUMENTATION_COMMENTS = YES;
				CLANG_WARN_EMPTY_BODY = YES;
				CLANG_WARN_ENUM_CONVERSION = YES;
				CLANG_WARN_INFINITE_RECURSION = YES;
				CLANG_WARN_INT_CONVERSION = YES;
				CLANG_WARN_NON_LITERAL_NULL_CONVERSION = YES;
				CLANG_WARN_OBJC_IMPLICIT_RETAIN_SELF = YES;
				CLANG_WARN_OBJC_LITERAL_CONVERSION = YES;
				CLANG_WARN_OBJC_ROOT_CLASS = YES_ERROR;
				CLANG_WARN_RANGE_LOOP_ANALYSIS = YES;
				CLANG_WARN_STRICT_PROTOTYPES = YES;
				CLANG_WARN_SUSPICIOUS_MOVE = YES;
				CLANG_WARN_UNGUARDED_AVAILABILITY = YES_AGGRESSIVE;
				CLANG_WARN_UNREACHABLE_CODE = YES;
				CLANG_WARN__DUPLICATE_METHOD_MATCH = YES;
				COPY_PHASE_STRIP = NO;
				DEBUG_INFORMATION_FORMAT = "dwarf-with-dsym";
				ENABLE_NS_ASSERTIONS = NO;
				ENABLE_STRICT_OBJC_MSGSEND = YES;
				GCC_C_LANGUAGE_STANDARD = gnu11;
				GCC_NO_COMMON_BLOCKS = YES;
				GCC_WARN_64_TO_32_BIT_CONVERSION = YES;
				GCC_WARN_ABOUT_RETURN_TYPE = YES_ERROR;
				GCC_WARN_UNDECLARED_SELECTOR = YES;
				GCC_WARN_UNINITIALIZED_AUTOS = YES_AGGRESSIVE;
				GCC_WARN_UNUSED_FUNCTION = YES;
				GCC_WARN_UNUSED_VARIABLE = YES;
				IPHONEOS_DEPLOYMENT_TARGET = 13.2;
				MTL_ENABLE_DEBUG_INFO = NO;
				MTL_FAST_MATH = YES;
				SDKROOT = iphoneos;
				SWIFT_COMPILATION_MODE = wholemodule;
				SWIFT_OPTIMIZATION_LEVEL = "-O";
				VALIDATE_PRODUCT = YES;
			};
			name = Release;
		};
		D13B807B23E151E700819EE1 /* Debug */ = {
			isa = XCBuildConfiguration;
			baseConfigurationReference = 109EAD471A0F8D45BF187CF8 /* Pods-HarminderMobileDevTest.debug.xcconfig */;
			buildSettings = {
				ASSETCATALOG_COMPILER_APPICON_NAME = AppIcon;
				CODE_SIGN_STYLE = Automatic;
				DEVELOPMENT_TEAM = 4THL69Z2AS;
				INFOPLIST_FILE = HarminderMobileDevTest/Info.plist;
				LD_RUNPATH_SEARCH_PATHS = (
					"$(inherited)",
					"@executable_path/Frameworks",
				);
				PRODUCT_BUNDLE_IDENTIFIER = harminderPersonal.HarminderMobileDevTest;
				PRODUCT_NAME = "$(TARGET_NAME)";
				SWIFT_VERSION = 5.0;
				TARGETED_DEVICE_FAMILY = 1;
			};
			name = Debug;
		};
		D13B807C23E151E700819EE1 /* Release */ = {
			isa = XCBuildConfiguration;
			baseConfigurationReference = 06F5B5B9D62485A072C74B8B /* Pods-HarminderMobileDevTest.release.xcconfig */;
			buildSettings = {
				ASSETCATALOG_COMPILER_APPICON_NAME = AppIcon;
				CODE_SIGN_STYLE = Automatic;
				DEVELOPMENT_TEAM = 4THL69Z2AS;
				INFOPLIST_FILE = HarminderMobileDevTest/Info.plist;
				LD_RUNPATH_SEARCH_PATHS = (
					"$(inherited)",
					"@executable_path/Frameworks",
				);
				PRODUCT_BUNDLE_IDENTIFIER = harminderPersonal.HarminderMobileDevTest;
				PRODUCT_NAME = "$(TARGET_NAME)";
				SWIFT_VERSION = 5.0;
				TARGETED_DEVICE_FAMILY = 1;
			};
			name = Release;
		};
		D13B807E23E151E700819EE1 /* Debug */ = {
			isa = XCBuildConfiguration;
			baseConfigurationReference = 1AA3ECF07A116B9295B4E249 /* Pods-HarminderMobileDevTestTests.debug.xcconfig */;
			buildSettings = {
				ALWAYS_EMBED_SWIFT_STANDARD_LIBRARIES = YES;
				BUNDLE_LOADER = "$(TEST_HOST)";
				CODE_SIGN_STYLE = Automatic;
				DEVELOPMENT_TEAM = 4THL69Z2AS;
				INFOPLIST_FILE = HarminderMobileDevTestTests/Info.plist;
				IPHONEOS_DEPLOYMENT_TARGET = 13.2;
				LD_RUNPATH_SEARCH_PATHS = (
					"$(inherited)",
					"@executable_path/Frameworks",
					"@loader_path/Frameworks",
				);
				PRODUCT_BUNDLE_IDENTIFIER = harminderPersonal.HarminderMobileDevTestTests;
				PRODUCT_NAME = "$(TARGET_NAME)";
				SWIFT_VERSION = 5.0;
				TARGETED_DEVICE_FAMILY = "1,2";
				TEST_HOST = "$(BUILT_PRODUCTS_DIR)/HarminderMobileDevTest.app/HarminderMobileDevTest";
			};
			name = Debug;
		};
		D13B807F23E151E700819EE1 /* Release */ = {
			isa = XCBuildConfiguration;
			baseConfigurationReference = 70CA7F1A35746E02D3B87712 /* Pods-HarminderMobileDevTestTests.release.xcconfig */;
			buildSettings = {
				ALWAYS_EMBED_SWIFT_STANDARD_LIBRARIES = YES;
				BUNDLE_LOADER = "$(TEST_HOST)";
				CODE_SIGN_STYLE = Automatic;
				DEVELOPMENT_TEAM = 4THL69Z2AS;
				INFOPLIST_FILE = HarminderMobileDevTestTests/Info.plist;
				IPHONEOS_DEPLOYMENT_TARGET = 13.2;
				LD_RUNPATH_SEARCH_PATHS = (
					"$(inherited)",
					"@executable_path/Frameworks",
					"@loader_path/Frameworks",
				);
				PRODUCT_BUNDLE_IDENTIFIER = harminderPersonal.HarminderMobileDevTestTests;
				PRODUCT_NAME = "$(TARGET_NAME)";
				SWIFT_VERSION = 5.0;
				TARGETED_DEVICE_FAMILY = "1,2";
				TEST_HOST = "$(BUILT_PRODUCTS_DIR)/HarminderMobileDevTest.app/HarminderMobileDevTest";
			};
			name = Release;
		};
		D13B808123E151E700819EE1 /* Debug */ = {
			isa = XCBuildConfiguration;
			baseConfigurationReference = E68810AE5A2ACF187BFFDE3C /* Pods-HarminderMobileDevTest-HarminderMobileDevTestUITests.debug.xcconfig */;
			buildSettings = {
				ALWAYS_EMBED_SWIFT_STANDARD_LIBRARIES = YES;
				CODE_SIGN_STYLE = Automatic;
				DEVELOPMENT_TEAM = 4THL69Z2AS;
				INFOPLIST_FILE = HarminderMobileDevTestUITests/Info.plist;
				LD_RUNPATH_SEARCH_PATHS = (
					"$(inherited)",
					"@executable_path/Frameworks",
					"@loader_path/Frameworks",
				);
				PRODUCT_BUNDLE_IDENTIFIER = harminderPersonal.HarminderMobileDevTestUITests;
				PRODUCT_NAME = "$(TARGET_NAME)";
				SWIFT_VERSION = 5.0;
				TARGETED_DEVICE_FAMILY = "1,2";
				TEST_TARGET_NAME = HarminderMobileDevTest;
			};
			name = Debug;
		};
		D13B808223E151E700819EE1 /* Release */ = {
			isa = XCBuildConfiguration;
			baseConfigurationReference = 7F1563B9A51C474546176788 /* Pods-HarminderMobileDevTest-HarminderMobileDevTestUITests.release.xcconfig */;
			buildSettings = {
				ALWAYS_EMBED_SWIFT_STANDARD_LIBRARIES = YES;
				CODE_SIGN_STYLE = Automatic;
				DEVELOPMENT_TEAM = 4THL69Z2AS;
				INFOPLIST_FILE = HarminderMobileDevTestUITests/Info.plist;
				LD_RUNPATH_SEARCH_PATHS = (
					"$(inherited)",
					"@executable_path/Frameworks",
					"@loader_path/Frameworks",
				);
				PRODUCT_BUNDLE_IDENTIFIER = harminderPersonal.HarminderMobileDevTestUITests;
				PRODUCT_NAME = "$(TARGET_NAME)";
				SWIFT_VERSION = 5.0;
				TARGETED_DEVICE_FAMILY = "1,2";
				TEST_TARGET_NAME = HarminderMobileDevTest;
			};
			name = Release;
		};
/* End XCBuildConfiguration section */

/* Begin XCConfigurationList section */
		D13B804823E151E400819EE1 /* Build configuration list for PBXProject "HarminderMobileDevTest" */ = {
			isa = XCConfigurationList;
			buildConfigurations = (
				D13B807823E151E700819EE1 /* Debug */,
				D13B807923E151E700819EE1 /* Release */,
			);
			defaultConfigurationIsVisible = 0;
			defaultConfigurationName = Release;
		};
		D13B807A23E151E700819EE1 /* Build configuration list for PBXNativeTarget "HarminderMobileDevTest" */ = {
			isa = XCConfigurationList;
			buildConfigurations = (
				D13B807B23E151E700819EE1 /* Debug */,
				D13B807C23E151E700819EE1 /* Release */,
			);
			defaultConfigurationIsVisible = 0;
			defaultConfigurationName = Release;
		};
		D13B807D23E151E700819EE1 /* Build configuration list for PBXNativeTarget "HarminderMobileDevTestTests" */ = {
			isa = XCConfigurationList;
			buildConfigurations = (
				D13B807E23E151E700819EE1 /* Debug */,
				D13B807F23E151E700819EE1 /* Release */,
			);
			defaultConfigurationIsVisible = 0;
			defaultConfigurationName = Release;
		};
		D13B808023E151E700819EE1 /* Build configuration list for PBXNativeTarget "HarminderMobileDevTestUITests" */ = {
			isa = XCConfigurationList;
			buildConfigurations = (
				D13B808123E151E700819EE1 /* Debug */,
				D13B808223E151E700819EE1 /* Release */,
			);
			defaultConfigurationIsVisible = 0;
			defaultConfigurationName = Release;
		};
/* End XCConfigurationList section */

/* Begin XCVersionGroup section */
		D13B805923E151E400819EE1 /* HarminderMobileDevTest.xcdatamodeld */ = {
			isa = XCVersionGroup;
			children = (
				D13B805A23E151E400819EE1 /* HarminderMobileDevTest.xcdatamodel */,
			);
			currentVersion = D13B805A23E151E400819EE1 /* HarminderMobileDevTest.xcdatamodel */;
			path = HarminderMobileDevTest.xcdatamodeld;
			sourceTree = "<group>";
			versionGroupType = wrapper.xcdatamodel;
		};
/* End XCVersionGroup section */
	};
	rootObject = D13B804523E151E400819EE1 /* Project object */;
}
